
Microsoft Visual Studio Solution File, Format Version 12.00
# Visual Studio Version 17
VisualStudioVersion = 17.5.001.0
MinimumVisualStudioVersion = 10.0.40219.1
Project("{9A19103F-16F7-4668-BE54-9A1E7A4F7556}") = "Irc", "src\Irc.csproj", "{8833D011-1F32-496C-8260-48F81C116682}"
EndProject
Project("{FAE04EC0-301F-11D3-BF4B-00C04F79EFBC}") = "tests", "tests\tests.csproj", "{31279185-F902-4C6A-AD48-B671599BE60B}"
EndProject
Global
	GlobalSection(SolutionConfigurationPlatforms) = preSolution
		Debug|Any CPU = Debug|Any CPU
		Release|Any CPU = Release|Any CPU
	EndGlobalSection
	GlobalSection(ProjectConfigurationPlatforms) = postSolution
		{8833D011-1F32-496C-8260-48F81C116682}.Debug|Any CPU.ActiveCfg = Debug|Any CPU
		{8833D011-1F32-496C-8260-48F81C116682}.Debug|Any CPU.Build.0 = Debug|Any CPU
		{8833D011-1F32-496C-8260-48F81C116682}.Release|Any CPU.ActiveCfg = Release|Any CPU
		{8833D011-1F32-496C-8260-48F81C116682}.Release|Any CPU.Build.0 = Release|Any CPU
		{31279185-F902-4C6A-AD48-B671599BE60B}.Debug|Any CPU.ActiveCfg = Debug|Any CPU
		{31279185-F902-4C6A-AD48-B671599BE60B}.Debug|Any CPU.Build.0 = Debug|Any CPU
		{31279185-F902-4C6A-AD48-B671599BE60B}.Release|Any CPU.ActiveCfg = Release|Any CPU
		{31279185-F902-4C6A-AD48-B671599BE60B}.Release|Any CPU.Build.0 = Release|Any CPU
	EndGlobalSection
	GlobalSection(SolutionProperties) = preSolution
		HideSolutionNode = FALSE
	EndGlobalSection
	GlobalSection(ExtensibilityGlobals) = postSolution
		SolutionGuid = {6EABD178-B2D7-4621-99DD-67D2FC4CFD8F}
	EndGlobalSection
EndGlobal
